
Microsoft Visual Studio Solution File, Format Version 12.00
# Visual Studio Version 17
VisualStudioVersion = 17.1.32228.430
MinimumVisualStudioVersion = 10.0.40219.1
Project("{9A19103F-16F7-4668-BE54-9A1E7A4F7556}") = "API", "API\API.csproj", "{2857CBFA-BB66-49E8-BF10-9B91112FEC61}"
EndProject
Project("{2150E333-8FDC-42A3-9474-1A3956D46DE8}") = "Arduino", "Arduino", "{C3320FEA-4A50-4736-8175-DE63588E44D3}"
	ProjectSection(SolutionItems) = preProject
		WiFiWebClient\arduino_secrets.h = WiFiWebClient\arduino_secrets.h
		WiFiWebClient\WiFiWebClient.ino = WiFiWebClient\WiFiWebClient.ino
	EndProjectSection
EndProject
Project("{E24C65DC-7377-472B-9ABA-BC803B73C61A}") = "WWW", "WWW\", "{F9D903B4-C957-4CFD-B9D8-EB91513D0DCC}"
	ProjectSection(WebsiteProperties) = preProject
		TargetFrameworkMoniker = ".NETFramework,Version%3Dv4.0"
		Debug.AspNetCompiler.VirtualPath = "/localhost_63537"
		Debug.AspNetCompiler.PhysicalPath = "WWW\"
		Debug.AspNetCompiler.TargetPath = "PrecompiledWeb\localhost_63537\"
		Debug.AspNetCompiler.Updateable = "true"
		Debug.AspNetCompiler.ForceOverwrite = "true"
		Debug.AspNetCompiler.FixedNames = "false"
		Debug.AspNetCompiler.Debug = "True"
		Release.AspNetCompiler.VirtualPath = "/localhost_63537"
		Release.AspNetCompiler.PhysicalPath = "WWW\"
		Release.AspNetCompiler.TargetPath = "PrecompiledWeb\localhost_63537\"
		Release.AspNetCompiler.Updateable = "true"
		Release.AspNetCompiler.ForceOverwrite = "true"
		Release.AspNetCompiler.FixedNames = "false"
		Release.AspNetCompiler.Debug = "False"
		VWDPort = "63537"
		SlnRelativePath = "WWW\"
	EndProjectSection
EndProject
Global
	GlobalSection(SolutionConfigurationPlatforms) = preSolution
		Debug|Any CPU = Debug|Any CPU
		Release|Any CPU = Release|Any CPU
	EndGlobalSection
	GlobalSection(ProjectConfigurationPlatforms) = postSolution
		{2857CBFA-BB66-49E8-BF10-9B91112FEC61}.Debug|Any CPU.ActiveCfg = Debug|Any CPU
		{2857CBFA-BB66-49E8-BF10-9B91112FEC61}.Debug|Any CPU.Build.0 = Debug|Any CPU
		{2857CBFA-BB66-49E8-BF10-9B91112FEC61}.Release|Any CPU.ActiveCfg = Release|Any CPU
		{2857CBFA-BB66-49E8-BF10-9B91112FEC61}.Release|Any CPU.Build.0 = Release|Any CPU
		{F9D903B4-C957-4CFD-B9D8-EB91513D0DCC}.Debug|Any CPU.ActiveCfg = Debug|Any CPU
		{F9D903B4-C957-4CFD-B9D8-EB91513D0DCC}.Debug|Any CPU.Build.0 = Debug|Any CPU
		{F9D903B4-C957-4CFD-B9D8-EB91513D0DCC}.Release|Any CPU.ActiveCfg = Debug|Any CPU
		{F9D903B4-C957-4CFD-B9D8-EB91513D0DCC}.Release|Any CPU.Build.0 = Debug|Any CPU
	EndGlobalSection
	GlobalSection(SolutionProperties) = preSolution
		HideSolutionNode = FALSE
	EndGlobalSection
	GlobalSection(ExtensibilityGlobals) = postSolution
		SolutionGuid = {69ECEBE9-FB07-4BF9-B3DF-23B874ECEBD9}
	EndGlobalSection
EndGlobal
